
Microsoft Visual Studio Solution File, Format Version 12.00
# Visual Studio 15
VisualStudioVersion = 15.0.27428.2037
MinimumVisualStudioVersion = 10.0.40219.1
Project("{FAE04EC0-301F-11D3-BF4B-00C04F79EFBC}") = "SwiftParser", "SwiftParser\SwiftParser.csproj", "{CBE6CA44-D227-45DA-B3A4-ED5F1F3DB819}"
EndProject
Project("{FAE04EC0-301F-11D3-BF4B-00C04F79EFBC}") = "SwiftParserForm", "SwiftParserForm\SwiftParserForm.csproj", "{1C7BC02C-A0DC-431C-8338-DE6AFC049D58}"
EndProject
Global
	GlobalSection(SolutionConfigurationPlatforms) = preSolution
		Debug|Any CPU = Debug|Any CPU
		Release|Any CPU = Release|Any CPU
	EndGlobalSection
	GlobalSection(ProjectConfigurationPlatforms) = postSolution
		{CBE6CA44-D227-45DA-B3A4-ED5F1F3DB819}.Debug|Any CPU.ActiveCfg = Debug|Any CPU
		{CBE6CA44-D227-45DA-B3A4-ED5F1F3DB819}.Debug|Any CPU.Build.0 = Debug|Any CPU
		{CBE6CA44-D227-45DA-B3A4-ED5F1F3DB819}.Release|Any CPU.ActiveCfg = Release|Any CPU
		{CBE6CA44-D227-45DA-B3A4-ED5F1F3DB819}.Release|Any CPU.Build.0 = Release|Any CPU
		{1C7BC02C-A0DC-431C-8338-DE6AFC049D58}.Debug|Any CPU.ActiveCfg = Debug|Any CPU
		{1C7BC02C-A0DC-431C-8338-DE6AFC049D58}.Debug|Any CPU.Build.0 = Debug|Any CPU
		{1C7BC02C-A0DC-431C-8338-DE6AFC049D58}.Release|Any CPU.ActiveCfg = Release|Any CPU
		{1C7BC02C-A0DC-431C-8338-DE6AFC049D58}.Release|Any CPU.Build.0 = Release|Any CPU
	EndGlobalSection
	GlobalSection(SolutionProperties) = preSolution
		HideSolutionNode = FALSE
	EndGlobalSection
	GlobalSection(ExtensibilityGlobals) = postSolution
		SolutionGuid = {CB764D3F-59CE-4EFD-A959-5246A52748DE}
	EndGlobalSection
EndGlobal
